{
  "name": "coffcalc.github.io",
  "lockfileVersion": 2,
  "requires": true,
  "packages": {
    "": {
      "dependencies": {
        "seamless-scroll-polyfill": "^2.1.8",
        "smoothscroll-polyfill": "^0.4.4"
      }
    },
    "node_modules/seamless-scroll-polyfill": {
      "version": "2.1.8",
      "resolved": "https://registry.npmjs.org/seamless-scroll-polyfill/-/seamless-scroll-polyfill-2.1.8.tgz",
      "integrity": "sha512-cF92Op90//vEpHphRx25rttJGXIgxcTB1WR5y0ODQhN7O4d0lSEOp5+l3sQDx0aAZ2MfXCqFEb/rG/3ghvVDIQ=="
    },
    "node_modules/smoothscroll-polyfill": {
      "version": "0.4.4",
      "resolved": "https://registry.npmjs.org/smoothscroll-polyfill/-/smoothscroll-polyfill-0.4.4.tgz",
      "integrity": "sha512-TK5ZA9U5RqCwMpfoMq/l1mrH0JAR7y7KRvOBx0n2869aLxch+gT9GhN3yUfjiw+d/DiF1mKo14+hd62JyMmoBg=="
    }
  },
  "dependencies": {
    "seamless-scroll-polyfill": {
      "version": "2.1.8",
      "resolved": "https://registry.npmjs.org/seamless-scroll-polyfill/-/seamless-scroll-polyfill-2.1.8.tgz",
      "integrity": "sha512-cF92Op90//vEpHphRx25rttJGXIgxcTB1WR5y0ODQhN7O4d0lSEOp5+l3sQDx0aAZ2MfXCqFEb/rG/3ghvVDIQ=="
    },
    "smoothscroll-polyfill": {
      "version": "0.4.4",
      "resolved": "https://registry.npmjs.org/smoothscroll-polyfill/-/smoothscroll-polyfill-0.4.4.tgz",
      "integrity": "sha512-TK5ZA9U5RqCwMpfoMq/l1mrH0JAR7y7KRvOBx0n2869aLxch+gT9GhN3yUfjiw+d/DiF1mKo14+hd62JyMmoBg=="
    }
  }
}
